
Microsoft Visual Studio Solution File, Format Version 12.00
Project("{FAE04EC0-301F-11D3-BF4B-00C04F79EFBC}") = "BinaryGap", "BinaryGap\BinaryGap.csproj", "{5DD7078E-020B-4F0B-BF81-6D5E12D218C3}"
EndProject
Project("{FAE04EC0-301F-11D3-BF4B-00C04F79EFBC}") = "CyclicRotation", "CyclicRotation\CyclicRotation.csproj", "{BE708617-2946-4F76-A858-18C56C13178E}"
EndProject
Project("{FAE04EC0-301F-11D3-BF4B-00C04F79EFBC}") = "OddOccurrencesInArray", "OddOccurrencesInArray\OddOccurrencesInArray.csproj", "{91B9DF91-B5EA-4E48-9EE9-77AE97B25A67}"
EndProject
Project("{FAE04EC0-301F-11D3-BF4B-00C04F79EFBC}") = "TimeComplexity", "TimeComplexity\TimeComplexity.csproj", "{62F28516-D6B9-43D8-B655-F9288A245F00}"
EndProject
Project("{FAE04EC0-301F-11D3-BF4B-00C04F79EFBC}") = "CountingElements", "CountingElements\CountingElements.csproj", "{48C34821-BC01-4AED-85A4-BE37F830F7EA}"
EndProject
Global
	GlobalSection(SolutionConfigurationPlatforms) = preSolution
		Debug|Any CPU = Debug|Any CPU
		Release|Any CPU = Release|Any CPU
	EndGlobalSection
	GlobalSection(ProjectConfigurationPlatforms) = postSolution
		{5DD7078E-020B-4F0B-BF81-6D5E12D218C3}.Debug|Any CPU.ActiveCfg = Debug|Any CPU
		{5DD7078E-020B-4F0B-BF81-6D5E12D218C3}.Debug|Any CPU.Build.0 = Debug|Any CPU
		{5DD7078E-020B-4F0B-BF81-6D5E12D218C3}.Release|Any CPU.ActiveCfg = Release|Any CPU
		{5DD7078E-020B-4F0B-BF81-6D5E12D218C3}.Release|Any CPU.Build.0 = Release|Any CPU
		{BE708617-2946-4F76-A858-18C56C13178E}.Debug|Any CPU.ActiveCfg = Debug|Any CPU
		{BE708617-2946-4F76-A858-18C56C13178E}.Debug|Any CPU.Build.0 = Debug|Any CPU
		{BE708617-2946-4F76-A858-18C56C13178E}.Release|Any CPU.ActiveCfg = Release|Any CPU
		{BE708617-2946-4F76-A858-18C56C13178E}.Release|Any CPU.Build.0 = Release|Any CPU
		{91B9DF91-B5EA-4E48-9EE9-77AE97B25A67}.Debug|Any CPU.ActiveCfg = Debug|Any CPU
		{91B9DF91-B5EA-4E48-9EE9-77AE97B25A67}.Debug|Any CPU.Build.0 = Debug|Any CPU
		{91B9DF91-B5EA-4E48-9EE9-77AE97B25A67}.Release|Any CPU.ActiveCfg = Release|Any CPU
		{91B9DF91-B5EA-4E48-9EE9-77AE97B25A67}.Release|Any CPU.Build.0 = Release|Any CPU
		{62F28516-D6B9-43D8-B655-F9288A245F00}.Debug|Any CPU.ActiveCfg = Debug|Any CPU
		{62F28516-D6B9-43D8-B655-F9288A245F00}.Debug|Any CPU.Build.0 = Debug|Any CPU
		{62F28516-D6B9-43D8-B655-F9288A245F00}.Release|Any CPU.ActiveCfg = Release|Any CPU
		{62F28516-D6B9-43D8-B655-F9288A245F00}.Release|Any CPU.Build.0 = Release|Any CPU
		{48C34821-BC01-4AED-85A4-BE37F830F7EA}.Debug|Any CPU.ActiveCfg = Debug|Any CPU
		{48C34821-BC01-4AED-85A4-BE37F830F7EA}.Debug|Any CPU.Build.0 = Debug|Any CPU
		{48C34821-BC01-4AED-85A4-BE37F830F7EA}.Release|Any CPU.ActiveCfg = Release|Any CPU
		{48C34821-BC01-4AED-85A4-BE37F830F7EA}.Release|Any CPU.Build.0 = Release|Any CPU
	EndGlobalSection
EndGlobal
